{
    "_readme": [
        "This file locks the dependencies of your project to a known state",
        "Read more about it at https://getcomposer.org/doc/01-basic-usage.md#composer-lock-the-lock-file",
        "This file is @generated automatically"
    ],
    "hash": "b27d612f74ef3bcc4a7eeb36bb885d9e",
    "packages": [
        {
            "name": "aura/installer-default",
            "version": "1.0.0",
            "source": {
                "type": "git",
                "url": "https://github.com/auraphp/installer-default.git",
                "reference": "52f8de3670cc1ef45a916f40f732937436d028c8"
            },
            "dist": {
                "type": "zip",
                "url": "https://api.github.com/repos/auraphp/installer-default/zipball/52f8de3670cc1ef45a916f40f732937436d028c8",
                "reference": "52f8de3670cc1ef45a916f40f732937436d028c8",
                "shasum": ""
            },
            "type": "composer-installer",
            "extra": {
                "class": "Aura\\Composer\\DefaultInstaller"
            },
            "autoload": {
                "psr-0": {
                    "Aura\\Composer\\": "src/"
                }
            },
            "notification-url": "https://packagist.org/downloads/",
            "license": [
                "BSD-2-Clause"
            ],
            "authors": [
                {
                    "name": "Paul M. Jones",
                    "email": "pmjones88@gmail.com",
                    "homepage": "http://paul-m-jones.com"
                }
            ],
            "description": "Installs Aura packages using the Composer defaults.",
            "keywords": [
                "aura",
                "installer"
            ],
            "time": "2012-11-26 21:35:57"
        },
        {
            "name": "aura/intl",
            "version": "1.1.1",
            "source": {
                "type": "git",
                "url": "https://github.com/auraphp/Aura.Intl.git",
                "reference": "c5fe620167550ad6fa77dd3570fba2efc77a2a21"
            },
            "dist": {
                "type": "zip",
                "url": "https://api.github.com/repos/auraphp/Aura.Intl/zipball/c5fe620167550ad6fa77dd3570fba2efc77a2a21",
                "reference": "c5fe620167550ad6fa77dd3570fba2efc77a2a21",
                "shasum": ""
            },
            "require": {
                "aura/installer-default": "1.0.*",
                "php": ">=5.4.0"
            },
            "type": "aura-package",
            "extra": {
                "aura": {
                    "type": "library",
                    "config": {
                        "common": "Aura\\Intl\\_Config\\Common"
                    }
                },
                "branch-alias": {
                    "dev-develop": "1.1.x-dev"
                }
            },
            "autoload": {
                "psr-0": {
                    "Aura\\Intl": "src/"
                },
                "psr-4": {
                    "Aura\\Intl\\_Config\\": "config/"
                }
            },
            "notification-url": "https://packagist.org/downloads/",
            "license": [
                "BSD-2-Clause"
            ],
            "authors": [
                {
                    "name": "Paul M. Jones",
                    "email": "pmjones88@gmail.com",
                    "homepage": "http://paul-m-jones.com"
                },
                {
                    "name": "Aura.Intl Contributors",
                    "homepage": "https://github.com/auraphp/Aura.Intl/contributors"
                },
                {
                    "name": "Pascal Borreli",
                    "email": "pascal@borreli.com"
                },
                {
                    "name": "Mapthegod",
                    "email": "mapthegod@gmail.com"
                },
                {
                    "name": "Jose Lorenzo Rodriguez",
                    "email": "jose.zap@gmail.com"
                }
            ],
            "description": "The Aura.Intl package provides internationalization (I18N) tools, specifically\npackage-oriented per-locale message translation.",
            "homepage": "http://auraphp.com/Aura.Intl",
            "keywords": [
                "g11n",
                "globalization",
                "i18n",
                "internationalization",
                "intl",
                "l10n",
                "localization"
            ],
            "time": "2014-08-24 00:00:00"
        },
        {
            "name": "cakedc/search",
            "version": "3.0.x-dev",
            "source": {
                "type": "git",
                "url": "https://github.com/CakeDC/search.git",
                "reference": "c6e49e6f0e70e226181f41beaebfb295de60b65d"
            },
            "dist": {
                "type": "zip",
                "url": "https://api.github.com/repos/CakeDC/search/zipball/c6e49e6f0e70e226181f41beaebfb295de60b65d",
                "reference": "c6e49e6f0e70e226181f41beaebfb295de60b65d",
                "shasum": ""
            },
            "require": {
                "cakephp/plugin-installer": "*",
                "php": ">=5.4.16"
            },
            "require-dev": {
                "cakephp/cakephp": "~3.0",
                "phpunit/phpunit": "*"
            },
            "type": "cakephp-plugin",
            "autoload": {
                "psr-4": {
                    "Search\\": "src",
                    "Search\\Test\\": "tests"
                }
            },
            "notification-url": "https://packagist.org/downloads/",
            "license": [
                "MIT"
            ],
            "authors": [
                {
                    "name": "Cake Development Corporation",
                    "email": "team@cakedc.com",
                    "homepage": "http://cakedc.com"
                }
            ],
            "description": "Search Plugin for CakePHP",
            "homepage": "http://github.com/CakeDC/search",
            "keywords": [
                "cakephp",
                "filter",
                "post-redirect-get",
                "prg",
                "search"
            ],
            "time": "2015-04-15 18:47:32"
        },
        {
            "name": "cakephp/acl",
            "version": "dev-master",
            "source": {
                "type": "git",
                "url": "https://github.com/cakephp/acl.git",
                "reference": "681fc5565fcf853b5c2a3f555ff4025b127c1acc"
            },
            "dist": {
                "type": "zip",
                "url": "https://api.github.com/repos/cakephp/acl/zipball/681fc5565fcf853b5c2a3f555ff4025b127c1acc",
                "reference": "681fc5565fcf853b5c2a3f555ff4025b127c1acc",
                "shasum": ""
            },
            "require": {
                "cakephp/cakephp": "~3.0"
            },
            "require-dev": {
                "cakephp/cakephp-codesniffer": "master-dev",
                "phpunit/phpunit": "4.*"
            },
            "type": "cakephp-plugin",
            "autoload": {
                "psr-4": {
                    "Acl\\": "src"
                }
            },
            "notification-url": "https://packagist.org/downloads/",
            "license": [
                "MIT"
            ],
            "authors": [
                {
                    "name": "CakePHP Community",
                    "homepage": "https://github.com/cakephp/acl/graphs/contributors"
                }
            ],
            "description": "Acl Plugin for CakePHP 3.x framework",
            "homepage": "http://cakephp.org",
            "keywords": [
                "acl",
                "cakephp"
            ],
            "time": "2015-06-23 17:59:31"
        },
        {
            "name": "cakephp/cakephp",
            "version": "3.1.x-dev",
            "source": {
                "type": "git",
                "url": "https://github.com/cakephp/cakephp.git",
                "reference": "f12f686a01ea39ebbf4687b36e02e0b05490038b"
            },
            "dist": {
                "type": "zip",
                "url": "https://api.github.com/repos/cakephp/cakephp/zipball/f12f686a01ea39ebbf4687b36e02e0b05490038b",
                "reference": "f12f686a01ea39ebbf4687b36e02e0b05490038b",
                "shasum": ""
            },
            "require": {
                "aura/intl": "1.1.*",
                "ext-intl": "*",
                "ext-mbstring": "*",
                "ircmaxell/password-compat": "1.0.*",
                "nesbot/carbon": "1.13.*",
                "php": ">=5.4.16",
                "psr/log": "1.0"
            },
            "replace": {
                "cakephp/cache": "self.version",
                "cakephp/collection": "self.version",
                "cakephp/core": "self.version",
                "cakephp/database": "self.version",
                "cakephp/datasource": "self.version",
                "cakephp/event": "self.version",
                "cakephp/filesystem": "self.version",
                "cakephp/i18n": "self.version",
                "cakephp/log": "self.version",
                "cakephp/orm": "self.version",
                "cakephp/utility": "self.version",
                "cakephp/validation": "self.version"
            },
            "require-dev": {
                "cakephp/cakephp-codesniffer": "dev-master",
                "phpunit/phpunit": "*"
            },
            "type": "library",
            "extra": {
                "branch-alias": {
                    "dev-master": "3.0.x-dev"
                }
            },
            "autoload": {
                "psr-4": {
                    "Cake\\": "src"
                },
                "files": [
                    "src/Core/functions.php",
                    "src/Collection/functions.php",
                    "src/I18n/functions.php",
                    "src/Utility/bootstrap.php"
                ]
            },
            "notification-url": "https://packagist.org/downloads/",
            "license": [
                "MIT"
            ],
            "authors": [
                {
                    "name": "CakePHP Community",
                    "homepage": "https://github.com/cakephp/cakephp/graphs/contributors"
                }
            ],
            "description": "The CakePHP framework",
            "homepage": "http://cakephp.org",
            "keywords": [
                "framework"
            ],
            "time": "2015-08-11 07:30:47"
        },
        {
            "name": "cakephp/plugin-installer",
            "version": "dev-master",
            "source": {
                "type": "git",
                "url": "https://github.com/cakephp/plugin-installer.git",
                "reference": "f51c135fb6cffef88a58467bb820a7cb9e77b0fe"
            },
            "dist": {
                "type": "zip",
                "url": "https://api.github.com/repos/cakephp/plugin-installer/zipball/f51c135fb6cffef88a58467bb820a7cb9e77b0fe",
                "reference": "f51c135fb6cffef88a58467bb820a7cb9e77b0fe",
                "shasum": ""
            },
            "require-dev": {
                "cakephp/cakephp-codesniffer": "dev-master",
                "composer/composer": "1.0.*@dev"
            },
            "type": "composer-installer",
            "extra": {
                "class": "Cake\\Composer\\Installer\\PluginInstaller"
            },
            "autoload": {
                "psr-4": {
                    "Cake\\Composer\\": "src"
                }
            },
            "notification-url": "https://packagist.org/downloads/",
            "license": [
                "MIT"
            ],
            "authors": [
                {
                    "name": "CakePHP Community",
                    "homepage": "http://cakephp.org"
                }
            ],
            "description": "A composer installer for CakePHP 3.0+ plugins.",
            "time": "2015-07-13 11:28:05"
        },
        {
            "name": "croogo/acl",
            "version": "3.0.x-dev",
            "source": {
                "type": "git",
                "url": "https://github.com/croogo/acl.git",
                "reference": "4bce05cd6fd1b7a3f37b36eb81b0f52231091a33"
            },
            "dist": {
                "type": "zip",
                "url": "https://api.github.com/repos/croogo/acl/zipball/4bce05cd6fd1b7a3f37b36eb81b0f52231091a33",
                "reference": "4bce05cd6fd1b7a3f37b36eb81b0f52231091a33",
                "shasum": ""
            },
            "require": {
                "cakephp/acl": "dev-master",
                "croogo/core": "3.0.x-dev"
            },
            "type": "cakephp-plugin",
            "autoload": {
                "psr-4": {
                    "Croogo\\Acl\\": "src"
                }
            },
            "notification-url": "https://packagist.org/downloads/",
            "license": [
                "MIT"
            ],
            "authors": [
                {
                    "name": "Croogo Development Team",
                    "email": "team@croogo.org"
                }
            ],
            "description": "Croogo Acl Plugin",
            "time": "2015-07-01 10:29:44"
        },
        {
            "name": "croogo/blocks",
            "version": "3.0.x-dev",
            "source": {
                "type": "git",
                "url": "https://github.com/croogo/blocks.git",
                "reference": "00735dbf43efaadc2b0b6125930db59d85f847a7"
            },
            "dist": {
                "type": "zip",
                "url": "https://api.github.com/repos/croogo/blocks/zipball/00735dbf43efaadc2b0b6125930db59d85f847a7",
                "reference": "00735dbf43efaadc2b0b6125930db59d85f847a7",
                "shasum": ""
            },
            "require": {
                "cakedc/search": "3.0.x-dev",
                "croogo/core": "3.0.x-dev"
            },
            "type": "cakephp-plugin",
            "autoload": {
                "psr-4": {
                    "Croogo\\Blocks\\": "src"
                }
            },
            "notification-url": "https://packagist.org/downloads/",
            "license": [
                "MIT"
            ],
            "authors": [
                {
                    "name": "Croogo Development Team",
                    "email": "team@croogo.org"
                }
            ],
            "description": "Croogo Blocks Plugin",
            "time": "2015-07-10 12:41:20"
        },
        {
            "name": "croogo/comments",
            "version": "3.0.x-dev",
            "source": {
                "type": "git",
                "url": "https://github.com/croogo/comments.git",
                "reference": "db0e2c9a5b4a4ba92964b6ca22b0a7917e1dab9f"
            },
            "dist": {
                "type": "zip",
                "url": "https://api.github.com/repos/croogo/comments/zipball/db0e2c9a5b4a4ba92964b6ca22b0a7917e1dab9f",
                "reference": "db0e2c9a5b4a4ba92964b6ca22b0a7917e1dab9f",
                "shasum": ""
            },
            "require": {
                "cakedc/search": "3.0.x-dev",
                "croogo/core": "3.0.x-dev"
            },
            "type": "cakephp-plugin",
            "autoload": {
                "psr-4": {
                    "Croogo\\Comments\\": "src"
                }
            },
            "notification-url": "https://packagist.org/downloads/",
            "license": [
                "MIT"
            ],
            "authors": [
                {
                    "name": "Croogo Development Team",
                    "email": "team@croogo.org"
                }
            ],
            "description": "Croogo Comments Plugin",
            "time": "2015-07-10 12:41:20"
        },
        {
            "name": "croogo/contacts",
            "version": "3.0.x-dev",
            "source": {
                "type": "git",
                "url": "https://github.com/croogo/contacts.git",
                "reference": "99199d7e7350dee59665368c4cc953b820812d2e"
            },
            "dist": {
                "type": "zip",
                "url": "https://api.github.com/repos/croogo/contacts/zipball/99199d7e7350dee59665368c4cc953b820812d2e",
                "reference": "99199d7e7350dee59665368c4cc953b820812d2e",
                "shasum": ""
            },
            "require": {
                "cakedc/search": "3.0.x-dev",
                "croogo/core": "3.0.x-dev"
            },
            "type": "cakephp-plugin",
            "autoload": {
                "psr-4": {
                    "Croogo\\Contacts\\": "src"
                }
            },
            "notification-url": "https://packagist.org/downloads/",
            "license": [
                "MIT"
            ],
            "authors": [
                {
                    "name": "Croogo Development Team",
                    "email": "team@croogo.org"
                }
            ],
            "description": "Croogo Contacts Plugin",
            "time": "2015-07-10 12:41:20"
        },
        {
            "name": "croogo/core",
            "version": "3.0.x-dev",
            "source": {
                "type": "git",
                "url": "https://github.com/croogo/core.git",
                "reference": "63c9d18877879ecb7b01c24afdf795c0f61f017e"
            },
            "dist": {
                "type": "zip",
                "url": "https://api.github.com/repos/croogo/core/zipball/63c9d18877879ecb7b01c24afdf795c0f61f017e",
                "reference": "63c9d18877879ecb7b01c24afdf795c0f61f017e",
                "shasum": ""
            },
            "require": {
                "cakephp/cakephp": "~3.0",
                "croogo/acl": "3.0.x-dev",
                "croogo/blocks": "3.0.x-dev",
                "croogo/comments": "3.0.x-dev",
                "croogo/contacts": "3.0.x-dev",
                "croogo/dashboards": "3.0.x-dev",
                "croogo/extensions": "3.0.x-dev",
                "croogo/filemanager": "3.0.x-dev",
                "croogo/install": "3.0.x-dev",
                "croogo/menus": "3.0.x-dev",
                "croogo/meta": "3.0.x-dev",
                "croogo/nodes": "3.0.x-dev",
                "croogo/settings": "3.0.x-dev",
                "croogo/taxonomy": "3.0.x-dev",
                "croogo/translate": "3.0.x-dev",
                "croogo/users": "3.0.x-dev",
                "croogo/wysiwyg": "3.0.x-dev"
            },
            "suggest": {
                "croogo/example": "Example Croogo plugin"
            },
            "type": "cakephp-plugin",
            "autoload": {
                "psr-4": {
                    "Croogo\\Core\\": "src"
                }
            },
            "notification-url": "https://packagist.org/downloads/",
            "license": [
                "MIT"
            ],
            "authors": [
                {
                    "name": "Croogo Development Team",
                    "email": "team@croogo.org"
                }
            ],
            "description": "Croogo Core Plugin",
            "time": "2015-07-13 12:05:30"
        },
        {
            "name": "croogo/dashboards",
            "version": "3.0.x-dev",
            "source": {
                "type": "git",
                "url": "https://github.com/croogo/dashboards.git",
                "reference": "cf328a520820c1405edfaf5899ef4134d4320570"
            },
            "dist": {
                "type": "zip",
                "url": "https://api.github.com/repos/croogo/dashboards/zipball/cf328a520820c1405edfaf5899ef4134d4320570",
                "reference": "cf328a520820c1405edfaf5899ef4134d4320570",
                "shasum": ""
            },
            "require": {
                "croogo/core": "3.0.x-dev"
            },
            "type": "cakephp-plugin",
            "autoload": {
                "psr-4": {
                    "Croogo\\Dashboards\\": "src"
                }
            },
            "notification-url": "https://packagist.org/downloads/",
            "license": [
                "MIT"
            ],
            "authors": [
                {
                    "name": "Croogo Development Team",
                    "email": "team@croogo.org"
                }
            ],
            "description": "Croogo Dashboards Plugin",
            "time": "2015-07-13 12:05:30"
        },
        {
            "name": "croogo/extensions",
            "version": "3.0.x-dev",
            "source": {
                "type": "git",
                "url": "https://github.com/croogo/extensions.git",
                "reference": "d83837da7c491aacd0e4ee974d8b54b8779fc2eb"
            },
            "dist": {
                "type": "zip",
                "url": "https://api.github.com/repos/croogo/extensions/zipball/d83837da7c491aacd0e4ee974d8b54b8779fc2eb",
                "reference": "d83837da7c491aacd0e4ee974d8b54b8779fc2eb",
                "shasum": ""
            },
            "require": {
                "croogo/core": "3.0.x-dev"
            },
            "type": "cakephp-plugin",
            "autoload": {
                "psr-4": {
                    "Croogo\\Extensions\\": "src"
                }
            },
            "notification-url": "https://packagist.org/downloads/",
            "license": [
                "MIT"
            ],
            "authors": [
                {
                    "name": "Croogo Development Team",
                    "email": "team@croogo.org"
                }
            ],
            "description": "Croogo Extensions Plugin",
            "time": "2015-07-02 11:03:59"
        },
        {
            "name": "croogo/filemanager",
            "version": "3.0.x-dev",
            "source": {
                "type": "git",
                "url": "https://github.com/croogo/filemanager.git",
                "reference": "6026a3e1a71a54a33ff9129dbacdb791a5edfebb"
            },
            "dist": {
                "type": "zip",
                "url": "https://api.github.com/repos/croogo/filemanager/zipball/6026a3e1a71a54a33ff9129dbacdb791a5edfebb",
                "reference": "6026a3e1a71a54a33ff9129dbacdb791a5edfebb",
                "shasum": ""
            },
            "require": {
                "cakedc/search": "3.0.x-dev",
                "croogo/core": "3.0.x-dev",
                "ext-gd": "*"
            },
            "type": "cakephp-plugin",
            "autoload": {
                "psr-4": {
                    "Croogo\\FileManager\\": "src"
                }
            },
            "notification-url": "https://packagist.org/downloads/",
            "license": [
                "MIT"
            ],
            "authors": [
                {
                    "name": "Croogo Development Team",
                    "email": "team@croogo.org"
                }
            ],
            "description": "Croogo FileManager Plugin",
            "time": "2015-07-09 12:18:59"
        },
        {
            "name": "croogo/install",
            "version": "3.0.x-dev",
            "source": {
                "type": "git",
                "url": "https://github.com/croogo/install.git",
                "reference": "9a2752798b53fe1c5ae75c6cb0c1fd780404dfbb"
            },
            "dist": {
                "type": "zip",
                "url": "https://api.github.com/repos/croogo/install/zipball/9a2752798b53fe1c5ae75c6cb0c1fd780404dfbb",
                "reference": "9a2752798b53fe1c5ae75c6cb0c1fd780404dfbb",
                "shasum": ""
            },
            "require": {
                "croogo/core": "3.0.x-dev"
            },
            "type": "cakephp-plugin",
            "autoload": {
                "psr-4": {
                    "Croogo\\Install\\": "src"
                }
            },
            "notification-url": "https://packagist.org/downloads/",
            "license": [
                "MIT"
            ],
            "authors": [
                {
                    "name": "Croogo Development Team",
                    "email": "team@croogo.org"
                }
            ],
            "description": "Croogo Install Plugin",
            "time": "2015-06-30 07:03:52"
        },
        {
            "name": "croogo/menus",
            "version": "3.0.x-dev",
            "source": {
                "type": "git",
                "url": "https://github.com/croogo/menus.git",
                "reference": "6af9fbe83d4e30bac93232697f9d6de85c8640a2"
            },
            "dist": {
                "type": "zip",
                "url": "https://api.github.com/repos/croogo/menus/zipball/6af9fbe83d4e30bac93232697f9d6de85c8640a2",
                "reference": "6af9fbe83d4e30bac93232697f9d6de85c8640a2",
                "shasum": ""
            },
            "require": {
                "croogo/core": "3.0.x-dev"
            },
            "type": "cakephp-plugin",
            "autoload": {
                "psr-4": {
                    "Croogo\\Menus\\": "src"
                }
            },
            "notification-url": "https://packagist.org/downloads/",
            "license": [
                "MIT"
            ],
            "authors": [
                {
                    "name": "Croogo Development Team",
                    "email": "team@croogo.org"
                }
            ],
            "description": "Croogo Menus Plugin",
            "time": "2015-07-10 12:41:20"
        },
        {
            "name": "croogo/meta",
            "version": "3.0.x-dev",
            "source": {
                "type": "git",
                "url": "https://github.com/croogo/meta.git",
                "reference": "5a727c82cc1cb64f2135212a93e2596b876532a3"
            },
            "dist": {
                "type": "zip",
                "url": "https://api.github.com/repos/croogo/meta/zipball/5a727c82cc1cb64f2135212a93e2596b876532a3",
                "reference": "5a727c82cc1cb64f2135212a93e2596b876532a3",
                "shasum": ""
            },
            "require": {
                "cakedc/search": "3.0.x-dev",
                "croogo/core": "3.0.x-dev"
            },
            "type": "cakephp-plugin",
            "autoload": {
                "psr-4": {
                    "Croogo\\Meta\\": "src"
                }
            },
            "notification-url": "https://packagist.org/downloads/",
            "license": [
                "MIT"
            ],
            "authors": [
                {
                    "name": "Croogo Development Team",
                    "email": "team@croogo.org"
                }
            ],
            "description": "Croogo Meta Plugin",
            "time": "2015-07-02 14:53:13"
        },
        {
            "name": "croogo/nodes",
            "version": "3.0.x-dev",
            "source": {
                "type": "git",
                "url": "https://github.com/croogo/nodes.git",
                "reference": "d2b951604c849e69770bde5d107a98b93bfa8caf"
            },
            "dist": {
                "type": "zip",
                "url": "https://api.github.com/repos/croogo/nodes/zipball/d2b951604c849e69770bde5d107a98b93bfa8caf",
                "reference": "d2b951604c849e69770bde5d107a98b93bfa8caf",
                "shasum": ""
            },
            "require": {
                "cakedc/search": "3.0.x-dev",
                "croogo/core": "3.0.x-dev"
            },
            "type": "cakephp-plugin",
            "autoload": {
                "psr-4": {
                    "Croogo\\Nodes\\": "src"
                }
            },
            "notification-url": "https://packagist.org/downloads/",
            "license": [
                "MIT"
            ],
            "authors": [
                {
                    "name": "Croogo Development Team",
                    "email": "team@croogo.org"
                }
            ],
            "description": "Croogo Nodes Plugin",
            "time": "2015-07-13 12:05:30"
        },
        {
            "name": "croogo/settings",
            "version": "3.0.x-dev",
            "source": {
                "type": "git",
                "url": "https://github.com/croogo/settings.git",
                "reference": "94d55038f62b8fd9e645e1da8c2656ec4b58d0f0"
            },
            "dist": {
                "type": "zip",
                "url": "https://api.github.com/repos/croogo/settings/zipball/94d55038f62b8fd9e645e1da8c2656ec4b58d0f0",
                "reference": "94d55038f62b8fd9e645e1da8c2656ec4b58d0f0",
                "shasum": ""
            },
            "require": {
                "cakedc/search": "3.0.x-dev",
                "croogo/core": "3.0.x-dev"
            },
            "type": "cakephp-plugin",
            "autoload": {
                "psr-4": {
                    "Croogo\\Settings\\": "src"
                }
            },
            "notification-url": "https://packagist.org/downloads/",
            "license": [
                "MIT"
            ],
            "authors": [
                {
                    "name": "Croogo Development Team",
                    "email": "team@croogo.org"
                }
            ],
            "description": "Croogo Settings Plugin",
            "time": "2015-07-10 12:41:20"
        },
        {
            "name": "croogo/taxonomy",
            "version": "3.0.x-dev",
            "source": {
                "type": "git",
                "url": "https://github.com/croogo/taxonomy.git",
                "reference": "e535bb7b361988adffc69ec7dc19b9099f53db19"
            },
            "dist": {
                "type": "zip",
                "url": "https://api.github.com/repos/croogo/taxonomy/zipball/e535bb7b361988adffc69ec7dc19b9099f53db19",
                "reference": "e535bb7b361988adffc69ec7dc19b9099f53db19",
                "shasum": ""
            },
            "require": {
                "croogo/core": "3.0.x-dev"
            },
            "type": "cakephp-plugin",
            "autoload": {
                "psr-4": {
                    "Croogo\\Taxonomy\\": "src"
                }
            },
            "notification-url": "https://packagist.org/downloads/",
            "license": [
                "MIT"
            ],
            "authors": [
                {
                    "name": "Croogo Development Team",
                    "email": "team@croogo.org"
                }
            ],
            "description": "Croogo Taxonomy Plugin",
            "time": "2015-07-03 23:00:30"
        },
        {
            "name": "croogo/translate",
            "version": "3.0.x-dev",
            "source": {
                "type": "git",
                "url": "https://github.com/croogo/translate.git",
                "reference": "5998f14fca02e31a625c4c493a8cd5793cc523ce"
            },
            "dist": {
                "type": "zip",
                "url": "https://api.github.com/repos/croogo/translate/zipball/5998f14fca02e31a625c4c493a8cd5793cc523ce",
                "reference": "5998f14fca02e31a625c4c493a8cd5793cc523ce",
                "shasum": ""
            },
            "require": {
                "croogo/core": "3.0.x-dev"
            },
            "type": "cakephp-plugin",
            "autoload": {
                "psr-4": {
                    "Croogo\\Translate\\": "src"
                }
            },
            "notification-url": "https://packagist.org/downloads/",
            "license": [
                "MIT"
            ],
            "authors": [
                {
                    "name": "Croogo Development Team",
                    "email": "team@croogo.org"
                }
            ],
            "description": "Croogo Translate Plugin",
            "time": "2015-07-01 10:29:44"
        },
        {
            "name": "croogo/users",
            "version": "3.0.x-dev",
            "source": {
                "type": "git",
                "url": "https://github.com/croogo/users.git",
                "reference": "d8f422ee45ac23f51c5b63286f4da6282af2fc6b"
            },
            "dist": {
                "type": "zip",
                "url": "https://api.github.com/repos/croogo/users/zipball/d8f422ee45ac23f51c5b63286f4da6282af2fc6b",
                "reference": "d8f422ee45ac23f51c5b63286f4da6282af2fc6b",
                "shasum": ""
            },
            "require": {
                "cakedc/search": "3.0.x-dev",
                "croogo/core": "3.0.x-dev"
            },
            "type": "cakephp-plugin",
            "autoload": {
                "psr-4": {
                    "Croogo\\Users\\": "src"
                }
            },
            "notification-url": "https://packagist.org/downloads/",
            "license": [
                "MIT"
            ],
            "authors": [
                {
                    "name": "Croogo Development Team",
                    "email": "team@croogo.org"
                }
            ],
            "description": "Croogo Users Plugin",
            "time": "2015-07-01 10:29:44"
        },
        {
            "name": "croogo/wysiwyg",
            "version": "3.0.x-dev",
            "source": {
                "type": "git",
                "url": "https://github.com/croogo/wysiwyg.git",
                "reference": "252c82475b4a6b87211d157294b8b40715a4a167"
            },
            "dist": {
                "type": "zip",
                "url": "https://api.github.com/repos/croogo/wysiwyg/zipball/252c82475b4a6b87211d157294b8b40715a4a167",
                "reference": "252c82475b4a6b87211d157294b8b40715a4a167",
                "shasum": ""
            },
            "require": {
                "croogo/core": "3.0.x-dev"
            },
            "type": "cakephp-plugin",
            "autoload": {
                "psr-4": {
                    "Croogo\\Wysiwyg\\": "src"
                }
            },
            "notification-url": "https://packagist.org/downloads/",
            "license": [
                "MIT"
            ],
            "authors": [
                {
                    "name": "Croogo Development Team",
                    "email": "team@croogo.org"
                }
            ],
            "description": "Croogo Wysiwyg Plugin",
            "time": "2015-06-30 07:03:52"
        },
        {
            "name": "cvo-technologies/custom-fields",
            "version": "3.0.x-dev",
            "source": {
                "type": "git",
                "url": "https://github.com/cvo-technologies/custom-fields.git",
                "reference": "dc283e77e910806be3a7d872c287625b993b8685"
            },
            "dist": {
                "type": "zip",
                "url": "https://api.github.com/repos/cvo-technologies/custom-fields/zipball/dc283e77e910806be3a7d872c287625b993b8685",
                "reference": "dc283e77e910806be3a7d872c287625b993b8685",
                "shasum": ""
            },
            "require": {
                "croogo/nodes": "3.*@dev"
            },
            "type": "cakephp-plugin",
            "autoload": {
                "psr-4": {
                    "CustomFields\\": "src"
                }
            },
            "notification-url": "https://packagist.org/downloads/",
            "authors": [
                {
                    "name": "Marlin Cremers",
                    "email": "m.cremers@cvo-technologies.com"
                }
            ],
            "time": "2015-08-11 08:02:13"
        },
        {
            "name": "ircmaxell/password-compat",
            "version": "1.0.x-dev",
            "source": {
                "type": "git",
                "url": "https://github.com/ircmaxell/password_compat.git",
                "reference": "9b99377557a33a4129c9194e60a97a685fab21e0"
            },
            "dist": {
                "type": "zip",
                "url": "https://api.github.com/repos/ircmaxell/password_compat/zipball/9b99377557a33a4129c9194e60a97a685fab21e0",
                "reference": "9b99377557a33a4129c9194e60a97a685fab21e0",
                "shasum": ""
            },
            "require-dev": {
                "phpunit/phpunit": "4.*"
            },
            "type": "library",
            "autoload": {
                "files": [
                    "lib/password.php"
                ]
            },
            "notification-url": "https://packagist.org/downloads/",
            "license": [
                "MIT"
            ],
            "authors": [
                {
                    "name": "Anthony Ferrara",
                    "email": "ircmaxell@php.net",
                    "homepage": "http://blog.ircmaxell.com"
                }
            ],
            "description": "A compatibility library for the proposed simplified password hashing algorithm: https://wiki.php.net/rfc/password_hash",
            "homepage": "https://github.com/ircmaxell/password_compat",
            "keywords": [
                "hashing",
                "password"
            ],
            "time": "2014-11-20 19:18:42"
        },
        {
            "name": "nesbot/carbon",
            "version": "1.13.0",
            "source": {
                "type": "git",
                "url": "https://github.com/briannesbitt/Carbon.git",
                "reference": "5cb6e71055f7b0b57956b73d324cc4de31278f42"
            },
            "dist": {
                "type": "zip",
                "url": "https://api.github.com/repos/briannesbitt/Carbon/zipball/5cb6e71055f7b0b57956b73d324cc4de31278f42",
                "reference": "5cb6e71055f7b0b57956b73d324cc4de31278f42",
                "shasum": ""
            },
            "require": {
                "php": ">=5.3.0"
            },
            "require-dev": {
                "phpunit/phpunit": "~4.0"
            },
            "type": "library",
            "autoload": {
                "psr-0": {
                    "Carbon": "src"
                }
            },
            "notification-url": "https://packagist.org/downloads/",
            "license": [
                "MIT"
            ],
            "authors": [
                {
                    "name": "Brian Nesbitt",
                    "email": "brian@nesbot.com",
                    "homepage": "http://nesbot.com"
                }
            ],
            "description": "A simple API extension for DateTime.",
            "homepage": "https://github.com/briannesbitt/Carbon",
            "keywords": [
                "date",
                "datetime",
                "time"
            ],
            "time": "2014-09-26 02:52:02"
        },
        {
            "name": "psr/log",
            "version": "1.0.0",
            "source": {
                "type": "git",
                "url": "https://github.com/php-fig/log.git",
                "reference": "fe0936ee26643249e916849d48e3a51d5f5e278b"
            },
            "dist": {
                "type": "zip",
                "url": "https://api.github.com/repos/php-fig/log/zipball/fe0936ee26643249e916849d48e3a51d5f5e278b",
                "reference": "fe0936ee26643249e916849d48e3a51d5f5e278b",
                "shasum": ""
            },
            "type": "library",
            "autoload": {
                "psr-0": {
                    "Psr\\Log\\": ""
                }
            },
            "notification-url": "https://packagist.org/downloads/",
            "license": [
                "MIT"
            ],
            "authors": [
                {
                    "name": "PHP-FIG",
                    "homepage": "http://www.php-fig.org/"
                }
            ],
            "description": "Common interface for logging libraries",
            "keywords": [
                "log",
                "psr",
                "psr-3"
            ],
            "time": "2012-12-21 11:40:51"
        }
    ],
    "packages-dev": [],
    "aliases": [],
    "minimum-stability": "dev",
    "stability-flags": {
        "croogo/nodes": 20,
        "cvo-technologies/custom-fields": 20
    },
    "prefer-stable": false,
    "prefer-lowest": false,
    "platform": [],
    "platform-dev": []
}
